
Microsoft Visual Studio Solution File, Format Version 11.00
# Visual Studio 2010
Project("{FAE04EC0-301F-11D3-BF4B-00C04F79EFBC}") = "WebService A", "WebService A\WebService A.csproj", "{BAE4C02E-C72A-4201-98D0-3BA3E93586C2}"
EndProject
Global
	GlobalSection(SolutionConfigurationPlatforms) = preSolution
		Debug|Any CPU = Debug|Any CPU
		Release|Any CPU = Release|Any CPU
	EndGlobalSection
	GlobalSection(ProjectConfigurationPlatforms) = postSolution
		{BAE4C02E-C72A-4201-98D0-3BA3E93586C2}.Debug|Any CPU.ActiveCfg = Debug|Any CPU
		{BAE4C02E-C72A-4201-98D0-3BA3E93586C2}.Debug|Any CPU.Build.0 = Debug|Any CPU
		{BAE4C02E-C72A-4201-98D0-3BA3E93586C2}.Release|Any CPU.ActiveCfg = Release|Any CPU
		{BAE4C02E-C72A-4201-98D0-3BA3E93586C2}.Release|Any CPU.Build.0 = Release|Any CPU
	EndGlobalSection
	GlobalSection(SolutionProperties) = preSolution
		HideSolutionNode = FALSE
	EndGlobalSection
EndGlobal
